
Microsoft Visual Studio Solution File, Format Version 12.00
# Visual Studio Version 16
VisualStudioVersion = 16.0.30225.117
MinimumVisualStudioVersion = 10.0.40219.1
Project("{9A19103F-16F7-4668-BE54-9A1E7A4F7556}") = "SkockoKlijent", "SkockoKlijent\SkockoKlijent.csproj", "{C9F26CCB-AF8A-4F71-B872-19031FBA7E49}"
EndProject
Project("{9A19103F-16F7-4668-BE54-9A1E7A4F7556}") = "ServerSkocko", "ServerSkocko\ServerSkocko.csproj", "{CF432F70-42AA-452D-B5B6-593C700D80F2}"
EndProject
Project("{FAE04EC0-301F-11D3-BF4B-00C04F79EFBC}") = "Domen", "Domen\Domen.csproj", "{7C1B655E-A597-4651-B63E-678130BA41A7}"
EndProject
Global
	GlobalSection(SolutionConfigurationPlatforms) = preSolution
		Debug|Any CPU = Debug|Any CPU
		Release|Any CPU = Release|Any CPU
	EndGlobalSection
	GlobalSection(ProjectConfigurationPlatforms) = postSolution
		{C9F26CCB-AF8A-4F71-B872-19031FBA7E49}.Debug|Any CPU.ActiveCfg = Debug|Any CPU
		{C9F26CCB-AF8A-4F71-B872-19031FBA7E49}.Debug|Any CPU.Build.0 = Debug|Any CPU
		{C9F26CCB-AF8A-4F71-B872-19031FBA7E49}.Release|Any CPU.ActiveCfg = Release|Any CPU
		{C9F26CCB-AF8A-4F71-B872-19031FBA7E49}.Release|Any CPU.Build.0 = Release|Any CPU
		{CF432F70-42AA-452D-B5B6-593C700D80F2}.Debug|Any CPU.ActiveCfg = Debug|Any CPU
		{CF432F70-42AA-452D-B5B6-593C700D80F2}.Debug|Any CPU.Build.0 = Debug|Any CPU
		{CF432F70-42AA-452D-B5B6-593C700D80F2}.Release|Any CPU.ActiveCfg = Release|Any CPU
		{CF432F70-42AA-452D-B5B6-593C700D80F2}.Release|Any CPU.Build.0 = Release|Any CPU
		{7C1B655E-A597-4651-B63E-678130BA41A7}.Debug|Any CPU.ActiveCfg = Debug|Any CPU
		{7C1B655E-A597-4651-B63E-678130BA41A7}.Debug|Any CPU.Build.0 = Debug|Any CPU
		{7C1B655E-A597-4651-B63E-678130BA41A7}.Release|Any CPU.ActiveCfg = Release|Any CPU
		{7C1B655E-A597-4651-B63E-678130BA41A7}.Release|Any CPU.Build.0 = Release|Any CPU
	EndGlobalSection
	GlobalSection(SolutionProperties) = preSolution
		HideSolutionNode = FALSE
	EndGlobalSection
	GlobalSection(ExtensibilityGlobals) = postSolution
		SolutionGuid = {D456C6D5-3D74-4D5D-8C31-83CAADCB97B8}
	EndGlobalSection
EndGlobal
